
Microsoft Visual Studio Solution File, Format Version 12.00
# Visual Studio 15
VisualStudioVersion = 15.0.26730.15
MinimumVisualStudioVersion = 10.0.40219.1
Project("{FAE04EC0-301F-11D3-BF4B-00C04F79EFBC}") = "Web2DbApp.Ui", "Web2DbApp\Web2DbApp.Ui.csproj", "{849A81C9-FEB5-443E-A28F-B5016AFF6E0C}"
EndProject
Project("{FAE04EC0-301F-11D3-BF4B-00C04F79EFBC}") = "Web2DbApp.Entities", "Web2DbApp.Entities\Web2DbApp.Entities.csproj", "{3BDB97EE-747F-4007-B3F4-35F23B51225F}"
EndProject
Project("{FAE04EC0-301F-11D3-BF4B-00C04F79EFBC}") = "Web2DbApp.Services", "Web2DbApp.Services\Web2DbApp.Services.csproj", "{7EA99A7B-7D98-426F-8D7E-7FB0E0834D91}"
EndProject
Project("{FAE04EC0-301F-11D3-BF4B-00C04F79EFBC}") = "Web2DbApp.DataAccess", "Web2DbApp.DataAccess\Web2DbApp.DataAccess.csproj", "{691122C1-CF12-42D2-B23C-D500B77724D4}"
EndProject
Project("{FAE04EC0-301F-11D3-BF4B-00C04F79EFBC}") = "Web2DbApp.Tests", "Web2DbApp.Tests\Web2DbApp.Tests.csproj", "{BD2F5659-8756-450B-8183-BDFD24316817}"
EndProject
Global
	GlobalSection(SolutionConfigurationPlatforms) = preSolution
		Debug|Any CPU = Debug|Any CPU
		Release|Any CPU = Release|Any CPU
	EndGlobalSection
	GlobalSection(ProjectConfigurationPlatforms) = postSolution
		{849A81C9-FEB5-443E-A28F-B5016AFF6E0C}.Debug|Any CPU.ActiveCfg = Debug|Any CPU
		{849A81C9-FEB5-443E-A28F-B5016AFF6E0C}.Debug|Any CPU.Build.0 = Debug|Any CPU
		{849A81C9-FEB5-443E-A28F-B5016AFF6E0C}.Release|Any CPU.ActiveCfg = Release|Any CPU
		{849A81C9-FEB5-443E-A28F-B5016AFF6E0C}.Release|Any CPU.Build.0 = Release|Any CPU
		{3BDB97EE-747F-4007-B3F4-35F23B51225F}.Debug|Any CPU.ActiveCfg = Debug|Any CPU
		{3BDB97EE-747F-4007-B3F4-35F23B51225F}.Debug|Any CPU.Build.0 = Debug|Any CPU
		{3BDB97EE-747F-4007-B3F4-35F23B51225F}.Release|Any CPU.ActiveCfg = Release|Any CPU
		{3BDB97EE-747F-4007-B3F4-35F23B51225F}.Release|Any CPU.Build.0 = Release|Any CPU
		{7EA99A7B-7D98-426F-8D7E-7FB0E0834D91}.Debug|Any CPU.ActiveCfg = Debug|Any CPU
		{7EA99A7B-7D98-426F-8D7E-7FB0E0834D91}.Debug|Any CPU.Build.0 = Debug|Any CPU
		{7EA99A7B-7D98-426F-8D7E-7FB0E0834D91}.Release|Any CPU.ActiveCfg = Release|Any CPU
		{7EA99A7B-7D98-426F-8D7E-7FB0E0834D91}.Release|Any CPU.Build.0 = Release|Any CPU
		{691122C1-CF12-42D2-B23C-D500B77724D4}.Debug|Any CPU.ActiveCfg = Debug|Any CPU
		{691122C1-CF12-42D2-B23C-D500B77724D4}.Debug|Any CPU.Build.0 = Debug|Any CPU
		{691122C1-CF12-42D2-B23C-D500B77724D4}.Release|Any CPU.ActiveCfg = Release|Any CPU
		{691122C1-CF12-42D2-B23C-D500B77724D4}.Release|Any CPU.Build.0 = Release|Any CPU
		{BD2F5659-8756-450B-8183-BDFD24316817}.Debug|Any CPU.ActiveCfg = Debug|Any CPU
		{BD2F5659-8756-450B-8183-BDFD24316817}.Debug|Any CPU.Build.0 = Debug|Any CPU
		{BD2F5659-8756-450B-8183-BDFD24316817}.Release|Any CPU.ActiveCfg = Release|Any CPU
		{BD2F5659-8756-450B-8183-BDFD24316817}.Release|Any CPU.Build.0 = Release|Any CPU
	EndGlobalSection
	GlobalSection(SolutionProperties) = preSolution
		HideSolutionNode = FALSE
	EndGlobalSection
	GlobalSection(ExtensibilityGlobals) = postSolution
		SolutionGuid = {19D12752-B761-42E9-BECF-5BA4A94A97FA}
	EndGlobalSection
EndGlobal
